Microsoft Visual Studio Solution File, Format Version 12.00
# Visual Studio Version 17
VisualStudioVersion = 17.5.2.0
MinimumVisualStudioVersion = 10.0.40219.1
Project("{FAE04EC0-301F-11D3-BF4B-00C04F79EFBC}") = "recipe-catalog-api", "recipe-catalog-api.csproj", "{07AD2831-F355-B4B5-BAA2-E366AB8931F9}"
EndProject
Global
	GlobalSection(SolutionConfigurationPlatforms) = preSolution
		Debug|Any CPU = Debug|Any CPU
		Release|Any CPU = Release|Any CPU
	EndGlobalSection
	GlobalSection(ProjectConfigurationPlatforms) = postSolution
		{07AD2831-F355-B4B5-BAA2-E366AB8931F9}.Debug|Any CPU.ActiveCfg = Debug|Any CPU
		{07AD2831-F355-B4B5-BAA2-E366AB8931F9}.Debug|Any CPU.Build.0 = Debug|Any CPU
		{07AD2831-F355-B4B5-BAA2-E366AB8931F9}.Release|Any CPU.ActiveCfg = Release|Any CPU
		{07AD2831-F355-B4B5-BAA2-E366AB8931F9}.Release|Any CPU.Build.0 = Release|Any CPU
	EndGlobalSection
	GlobalSection(SolutionProperties) = preSolution
		HideSolutionNode = FALSE
	EndGlobalSection
	GlobalSection(ExtensibilityGlobals) = postSolution
		SolutionGuid = {94CECF7C-25F5-4F64-92FE-C61D6C708991}
	EndGlobalSection
EndGlobal
